
Microsoft Visual Studio Solution File, Format Version 12.00
# Visual Studio Version 17
VisualStudioVersion = 17.6.33815.320
MinimumVisualStudioVersion = 10.0.40219.1
Project("{9A19103F-16F7-4668-BE54-9A1E7A4F7556}") = "DevIO.Business", "src\DevIO.Business\DevIO.Business.csproj", "{C2885F18-516B-4546-83E9-E3C57ECEDC0C}"
EndProject
Project("{9A19103F-16F7-4668-BE54-9A1E7A4F7556}") = "DevIO.Data", "src\DevIO.Data\DevIO.Data.csproj", "{BBDEEA47-72B0-46DF-B659-E7F58A7C3EF5}"
EndProject
Project("{FAE04EC0-301F-11D3-BF4B-00C04F79EFBC}") = "DevIO.WebApi", "src\DevIO.WebApi\DevIO.WebApi.csproj", "{F3CEF64E-3A99-4526-9942-6F0602CB23A1}"
EndProject
Global
	GlobalSection(SolutionConfigurationPlatforms) = preSolution
		Debug|Any CPU = Debug|Any CPU
		Release|Any CPU = Release|Any CPU
	EndGlobalSection
	GlobalSection(ProjectConfigurationPlatforms) = postSolution
		{C2885F18-516B-4546-83E9-E3C57ECEDC0C}.Debug|Any CPU.ActiveCfg = Debug|Any CPU
		{C2885F18-516B-4546-83E9-E3C57ECEDC0C}.Debug|Any CPU.Build.0 = Debug|Any CPU
		{C2885F18-516B-4546-83E9-E3C57ECEDC0C}.Release|Any CPU.ActiveCfg = Release|Any CPU
		{C2885F18-516B-4546-83E9-E3C57ECEDC0C}.Release|Any CPU.Build.0 = Release|Any CPU
		{BBDEEA47-72B0-46DF-B659-E7F58A7C3EF5}.Debug|Any CPU.ActiveCfg = Debug|Any CPU
		{BBDEEA47-72B0-46DF-B659-E7F58A7C3EF5}.Debug|Any CPU.Build.0 = Debug|Any CPU
		{BBDEEA47-72B0-46DF-B659-E7F58A7C3EF5}.Release|Any CPU.ActiveCfg = Release|Any CPU
		{BBDEEA47-72B0-46DF-B659-E7F58A7C3EF5}.Release|Any CPU.Build.0 = Release|Any CPU
		{F3CEF64E-3A99-4526-9942-6F0602CB23A1}.Debug|Any CPU.ActiveCfg = Debug|Any CPU
		{F3CEF64E-3A99-4526-9942-6F0602CB23A1}.Debug|Any CPU.Build.0 = Debug|Any CPU
		{F3CEF64E-3A99-4526-9942-6F0602CB23A1}.Release|Any CPU.ActiveCfg = Release|Any CPU
		{F3CEF64E-3A99-4526-9942-6F0602CB23A1}.Release|Any CPU.Build.0 = Release|Any CPU
	EndGlobalSection
	GlobalSection(SolutionProperties) = preSolution
		HideSolutionNode = FALSE
	EndGlobalSection
	GlobalSection(ExtensibilityGlobals) = postSolution
		SolutionGuid = {1FEABE16-1A79-4647-9B02-B20FE60B515C}
	EndGlobalSection
EndGlobal
